MIM_DEFAULT_TAG=v36.2.3
MIM_TOUCHSCREEN_TAG=v36.2.3
MIM_DEFAULT_REPO=rank-coder/khipro-m17n
MIM_TOUCHSCREEN_REPO=KhiproTeam/khipro-mim-touchscreen
MIM_DEFAULT_SHA256=c96a964eae31be5b1e727454c417a8800a2359582db9f18c4dc15ec942d8c8ee
MIM_TOUCHSCREEN_SHA256=b620b016051caa48b2b8d9a7875c4757e535a9b2cbc06bb7a9acca32e9953417
TESTCASES_DEFAULT_REPO=KhiproTeam/khipro-testcases
TESTCASES_DEFAULT_REF=main
TESTCASES_TOUCHSCREEN_REPO=KhiproTeam/khipro-testcases-touch
TESTCASES_TOUCHSCREEN_REF=main
FETCHED_AT=2026-07-16T06:31:50Z
