MIM_DEFAULT_TAG=v36.2.1
MIM_TOUCHSCREEN_TAG=v36.2.1
MIM_DEFAULT_REPO=rank-coder/khipro-m17n
MIM_TOUCHSCREEN_REPO=KhiproTeam/khipro-mim-touchscreen
MIM_DEFAULT_SHA256=7ee2211ac58c2189ceef8af2acf10b076e3b8b57f0ff2b250a5e6f76af8c7ae1
MIM_TOUCHSCREEN_SHA256=a773d327c293ce1f3e7c99782bd7b55e99506732b6cda0b1ee9e6d481e32eb57
TESTCASES_DEFAULT_REPO=KhiproTeam/khipro-testcases
TESTCASES_DEFAULT_REF=main
TESTCASES_TOUCHSCREEN_REPO=KhiproTeam/khipro-testcases-touch
TESTCASES_TOUCHSCREEN_REF=main
FETCHED_AT=2026-07-02T18:40:52Z
