MIM_DEFAULT_TAG=v36.6.0
MIM_TOUCHSCREEN_TAG=v36.6.0
MIM_DEFAULT_REPO=rank-coder/khipro-m17n
MIM_TOUCHSCREEN_REPO=KhiproTeam/khipro-mim-touchscreen
MIM_DEFAULT_SHA256=5465d15466cb5695edad47ada1de41d93f7ff7cc9fe0740cabe764a21bb687ac
MIM_TOUCHSCREEN_SHA256=d4e18f512e523144494674ee23f7f6faf78592a72183db4b5132357dbb7640f0
TESTCASES_DEFAULT_REPO=KhiproTeam/khipro-testcases
TESTCASES_DEFAULT_REF=main
TESTCASES_TOUCHSCREEN_REPO=KhiproTeam/khipro-testcases-touch
TESTCASES_TOUCHSCREEN_REF=main
FETCHED_AT=2026-10-09T11:21:14Z
